
Microsoft Visual Studio Solution File, Format Version 12.00
# Visual Studio Version 17
VisualStudioVersion = 17.0.32126.317
MinimumVisualStudioVersion = 10.0.40219.1
Project("{9A19103F-16F7-4668-BE54-9A1E7A4F7556}") = "printing calculator", "printing calculator.csproj", "{34C89245-3C95-499D-BB37-F443A9970505}"
EndProject
Global
	GlobalSection(SolutionConfigurationPlatforms) = preSolution
		Debug|Any CPU = Debug|Any CPU
		Release|Any CPU = Release|Any CPU
	EndGlobalSection
	GlobalSection(ProjectConfigurationPlatforms) = postSolution
		{34C89245-3C95-499D-BB37-F443A9970505}.Debug|Any CPU.ActiveCfg = Debug|Any CPU
		{34C89245-3C95-499D-BB37-F443A9970505}.Debug|Any CPU.Build.0 = Debug|Any CPU
		{34C89245-3C95-499D-BB37-F443A9970505}.Release|Any CPU.ActiveCfg = Release|Any CPU
		{34C89245-3C95-499D-BB37-F443A9970505}.Release|Any CPU.Build.0 = Release|Any CPU
	EndGlobalSection
	GlobalSection(SolutionProperties) = preSolution
		HideSolutionNode = FALSE
	EndGlobalSection
	GlobalSection(ExtensibilityGlobals) = postSolution
		SolutionGuid = {0211AA11-06CA-462D-9FA5-4C30FFA0D4D1}
	EndGlobalSection
EndGlobal
